// !$*UTF8*$!
{
	archiveVersion = 1;
	classes = {
	};
	objectVersion = 56;
	objects = {

/* Begin PBXBuildFile section */
		AF3980172B70202600923CDD /* WheelFortuneViewModel.swift in Sources */ = {isa = PBXBuildFile; fileRef = AF3980122B70202600923CDD /* WheelFortuneViewModel.swift */; };
		AF3980182B70202600923CDD /* WheelSpinView.swift in Sources */ = {isa = PBXBuildFile; fileRef = AF3980142B70202600923CDD /* WheelSpinView.swift */; };
		AF3980192B70202600923CDD /* WheelSpinCell.swift in Sources */ = {isa = PBXBuildFile; fileRef = AF3980152B70202600923CDD /* WheelSpinCell.swift */; };
		AF39801A2B70202600923CDD /* WheelFortune.swift in Sources */ = {isa = PBXBuildFile; fileRef = AF3980162B70202600923CDD /* WheelFortune.swift */; };
		AF39802C2B70205900923CDD /* AutoScrollerView.swift in Sources */ = {isa = PBXBuildFile; fileRef = AF39801C2B70205900923CDD /* AutoScrollerView.swift */; };
		AF39802D2B70205900923CDD /* DiscoverView.swift in Sources */ = {isa = PBXBuildFile; fileRef = AF39801D2B70205900923CDD /* DiscoverView.swift */; };
		AF39802E2B70205900923CDD /* GameDialogView.swift in Sources */ = {isa = PBXBuildFile; fileRef = AF39801E2B70205900923CDD /* GameDialogView.swift */; };
		AF39802F2B70205900923CDD /* WheelFortuneViewModel.swift in Sources */ = {isa = PBXBuildFile; fileRef = AF3980202B70205900923CDD /* WheelFortuneViewModel.swift */; };
		AF3980302B70205900923CDD /* WheelSpinView.swift in Sources */ = {isa = PBXBuildFile; fileRef = AF3980222B70205900923CDD /* WheelSpinView.swift */; };
		AF3980312B70205900923CDD /* WheelSpinCell.swift in Sources */ = {isa = PBXBuildFile; fileRef = AF3980232B70205900923CDD /* WheelSpinCell.swift */; };
		AF3980322B70205900923CDD /* WheelFortune.swift in Sources */ = {isa = PBXBuildFile; fileRef = AF3980242B70205900923CDD /* WheelFortune.swift */; };
		AF3980332B70205900923CDD /* HorizontalGameCardView.swift in Sources */ = {isa = PBXBuildFile; fileRef = AF3980252B70205900923CDD /* HorizontalGameCardView.swift */; };
		AF3980342B70205900923CDD /* GameOpinionView.swift in Sources */ = {isa = PBXBuildFile; fileRef = AF3980272B70205900923CDD /* GameOpinionView.swift */; };
		AF3980352B70205900923CDD /* GameInfoView.swift in Sources */ = {isa = PBXBuildFile; fileRef = AF3980282B70205900923CDD /* GameInfoView.swift */; };
		AF3980362B70205900923CDD /* GameInfoDialogView.swift in Sources */ = {isa = PBXBuildFile; fileRef = AF3980292B70205900923CDD /* GameInfoDialogView.swift */; };
		AF3980372B70205900923CDD /* FeedbackButton.swift in Sources */ = {isa = PBXBuildFile; fileRef = AF39802A2B70205900923CDD /* FeedbackButton.swift */; };
		AF3980382B70205900923CDD /* StarRatingView.swift in Sources */ = {isa = PBXBuildFile; fileRef = AF39802B2B70205900923CDD /* StarRatingView.swift */; };
		AF3980402B70206500923CDD /* TermsAndConditionsView.swift in Sources */ = {isa = PBXBuildFile; fileRef = AF39803A2B70206500923CDD /* TermsAndConditionsView.swift */; };
		AF3980412B70206500923CDD /* SettingsView.swift in Sources */ = {isa = PBXBuildFile; fileRef = AF39803B2B70206500923CDD /* SettingsView.swift */; };
		AF3980422B70206500923CDD /* SettingsRow.swift in Sources */ = {isa = PBXBuildFile; fileRef = AF39803C2B70206500923CDD /* SettingsRow.swift */; };
		AF3980432B70206500923CDD /* UserHomeView.swift in Sources */ = {isa = PBXBuildFile; fileRef = AF39803E2B70206500923CDD /* UserHomeView.swift */; };
		AF3980442B70206500923CDD /* TextIncreasingValue.swift in Sources */ = {isa = PBXBuildFile; fileRef = AF39803F2B70206500923CDD /* TextIncreasingValue.swift */; };
		AF3980462B70212100923CDD /* UserStatsData.swift in Sources */ = {isa = PBXBuildFile; fileRef = AF3980452B70212100923CDD /* UserStatsData.swift */; };
		AF3980482B70212F00923CDD /* ViewRouter.swift in Sources */ = {isa = PBXBuildFile; fileRef = AF3980472B70212F00923CDD /* ViewRouter.swift */; };
		AF39804B2B7031D300923CDD /* SettingsPageVM.swift in Sources */ = {isa = PBXBuildFile; fileRef = AF39804A2B7031D300923CDD /* SettingsPageVM.swift */; };
		AF39804F2B71710A00923CDD /* UserProfileView.swift in Sources */ = {isa = PBXBuildFile; fileRef = AF39804E2B71710A00923CDD /* UserProfileView.swift */; };
		AF3980512B756C0B00923CDD /* UserHomeViewModel.swift in Sources */ = {isa = PBXBuildFile; fileRef = AF3980502B756C0B00923CDD /* UserHomeViewModel.swift */; };
		AFD5452D2B5411A60063C820 /* Kids_PlaytimeApp.swift in Sources */ = {isa = PBXBuildFile; fileRef = AFD5452C2B5411A60063C820 /* Kids_PlaytimeApp.swift */; };
		AFD545312B5411A70063C820 /* Assets.xcassets in Resources */ = {isa = PBXBuildFile; fileRef = AFD545302B5411A70063C820 /* Assets.xcassets */; };
		AFD545342B5411A70063C820 /* Preview Assets.xcassets in Resources */ = {isa = PBXBuildFile; fileRef = AFD545332B5411A70063C820 /* Preview Assets.xcassets */; };
		AFD5453E2B5411A70063C820 /* Kids_PlaytimeTests.swift in Sources */ = {isa = PBXBuildFile; fileRef = AFD5453D2B5411A70063C820 /* Kids_PlaytimeTests.swift */; };
		AFD545482B5411A70063C820 /* Kids_PlaytimeUITests.swift in Sources */ = {isa = PBXBuildFile; fileRef = AFD545472B5411A70063C820 /* Kids_PlaytimeUITests.swift */; };
		AFD5454A2B5411A70063C820 /* Kids_PlaytimeUITestsLaunchTests.swift in Sources */ = {isa = PBXBuildFile; fileRef = AFD545492B5411A70063C820 /* Kids_PlaytimeUITestsLaunchTests.swift */; };
		AFD5455B2B541D350063C820 /* AppColors.swift in Sources */ = {isa = PBXBuildFile; fileRef = AFD5455A2B541D350063C820 /* AppColors.swift */; };
		AFD5455E2B541DC70063C820 /* Color+Extensions.swift in Sources */ = {isa = PBXBuildFile; fileRef = AFD5455D2B541DC70063C820 /* Color+Extensions.swift */; };
		AFD5456E2B543F900063C820 /* Amiko-SemiBold.ttf in Resources */ = {isa = PBXBuildFile; fileRef = AFD5456B2B543F900063C820 /* Amiko-SemiBold.ttf */; };
		AFD5456F2B543F900063C820 /* Amiko-Bold.ttf in Resources */ = {isa = PBXBuildFile; fileRef = AFD5456C2B543F900063C820 /* Amiko-Bold.ttf */; };
		AFD545702B543F900063C820 /* Amiko-Regular.ttf in Resources */ = {isa = PBXBuildFile; fileRef = AFD5456D2B543F900063C820 /* Amiko-Regular.ttf */; };
		AFD545742B5440640063C820 /* AppFonts.swift in Sources */ = {isa = PBXBuildFile; fileRef = AFD545732B5440640063C820 /* AppFonts.swift */; };
		AFD5457C2B5455A30063C820 /* HomeView.swift in Sources */ = {isa = PBXBuildFile; fileRef = AFD5457B2B5455A30063C820 /* HomeView.swift */; };
		AFD545892B55577E0063C820 /* CustomTabView.swift in Sources */ = {isa = PBXBuildFile; fileRef = AFD545882B55577E0063C820 /* CustomTabView.swift */; };
		AFD5459C2B5865790063C820 /* Bayon-Regular.ttf in Resources */ = {isa = PBXBuildFile; fileRef = AFD5459B2B5864900063C820 /* Bayon-Regular.ttf */; };
/* End PBXBuildFile section */

/* Begin PBXContainerItemProxy section */
		AFD5453A2B5411A70063C820 /* PBXContainerItemProxy */ = {
			isa = PBXContainerItemProxy;
			containerPortal = AFD545212B5411A60063C820 /* Project object */;
			proxyType = 1;
			remoteGlobalIDString = AFD545282B5411A60063C820;
			remoteInfo = "Kids Playtime";
		};
		AFD545442B5411A70063C820 /* PBXContainerItemProxy */ = {
			isa = PBXContainerItemProxy;
			containerPortal = AFD545212B5411A60063C820 /* Project object */;
			proxyType = 1;
			remoteGlobalIDString = AFD545282B5411A60063C820;
			remoteInfo = "Kids Playtime";
		};
/* End PBXContainerItemProxy section */

/* Begin PBXFileReference section */
		AF3980122B70202600923CDD /* WheelFortuneViewModel.swift */ = {isa = PBXFileReference; fileEncoding = 4; lastKnownFileType = sourcecode.swift; path = WheelFortuneViewModel.swift; sourceTree = "<group>"; };
		AF3980142B70202600923CDD /* WheelSpinView.swift */ = {isa = PBXFileReference; fileEncoding = 4; lastKnownFileType = sourcecode.swift; path = WheelSpinView.swift; sourceTree = "<group>"; };
		AF3980152B70202600923CDD /* WheelSpinCell.swift */ = {isa = PBXFileReference; fileEncoding = 4; lastKnownFileType = sourcecode.swift; path = WheelSpinCell.swift; sourceTree = "<group>"; };
		AF3980162B70202600923CDD /* WheelFortune.swift */ = {isa = PBXFileReference; fileEncoding = 4; lastKnownFileType = sourcecode.swift; path = WheelFortune.swift; sourceTree = "<group>"; };
		AF39801C2B70205900923CDD /* AutoScrollerView.swift */ = {isa = PBXFileReference; fileEncoding = 4; lastKnownFileType = sourcecode.swift; path = AutoScrollerView.swift; sourceTree = "<group>"; };
		AF39801D2B70205900923CDD /* DiscoverView.swift */ = {isa = PBXFileReference; fileEncoding = 4; lastKnownFileType = sourcecode.swift; path = DiscoverView.swift; sourceTree = "<group>"; };
		AF39801E2B70205900923CDD /* GameDialogView.swift */ = {isa = PBXFileReference; fileEncoding = 4; lastKnownFileType = sourcecode.swift; path = GameDialogView.swift; sourceTree = "<group>"; };
		AF3980202B70205900923CDD /* WheelFortuneViewModel.swift */ = {isa = PBXFileReference; fileEncoding = 4; lastKnownFileType = sourcecode.swift; path = WheelFortuneViewModel.swift; sourceTree = "<group>"; };
		AF3980222B70205900923CDD /* WheelSpinView.swift */ = {isa = PBXFileReference; fileEncoding = 4; lastKnownFileType = sourcecode.swift; path = WheelSpinView.swift; sourceTree = "<group>"; };
		AF3980232B70205900923CDD /* WheelSpinCell.swift */ = {isa = PBXFileReference; fileEncoding = 4; lastKnownFileType = sourcecode.swift; path = WheelSpinCell.swift; sourceTree = "<group>"; };
		AF3980242B70205900923CDD /* WheelFortune.swift */ = {isa = PBXFileReference; fileEncoding = 4; lastKnownFileType = sourcecode.swift; path = WheelFortune.swift; sourceTree = "<group>"; };
		AF3980252B70205900923CDD /* HorizontalGameCardView.swift */ = {isa = PBXFileReference; fileEncoding = 4; lastKnownFileType = sourcecode.swift; path = HorizontalGameCardView.swift; sourceTree = "<group>"; };
		AF3980272B70205900923CDD /* GameOpinionView.swift */ = {isa = PBXFileReference; fileEncoding = 4; lastKnownFileType = sourcecode.swift; path = GameOpinionView.swift; sourceTree = "<group>"; };
		AF3980282B70205900923CDD /* GameInfoView.swift */ = {isa = PBXFileReference; fileEncoding = 4; lastKnownFileType = sourcecode.swift; path = GameInfoView.swift; sourceTree = "<group>"; };
		AF3980292B70205900923CDD /* GameInfoDialogView.swift */ = {isa = PBXFileReference; fileEncoding = 4; lastKnownFileType = sourcecode.swift; path = GameInfoDialogView.swift; sourceTree = "<group>"; };
		AF39802A2B70205900923CDD /* FeedbackButton.swift */ = {isa = PBXFileReference; fileEncoding = 4; lastKnownFileType = sourcecode.swift; path = FeedbackButton.swift; sourceTree = "<group>"; };
		AF39802B2B70205900923CDD /* StarRatingView.swift */ = {isa = PBXFileReference; fileEncoding = 4; lastKnownFileType = sourcecode.swift; path = StarRatingView.swift; sourceTree = "<group>"; };
		AF39803A2B70206500923CDD /* TermsAndConditionsView.swift */ = {isa = PBXFileReference; fileEncoding = 4; lastKnownFileType = sourcecode.swift; path = TermsAndConditionsView.swift; sourceTree = "<group>"; };
		AF39803B2B70206500923CDD /* SettingsView.swift */ = {isa = PBXFileReference; fileEncoding = 4; lastKnownFileType = sourcecode.swift; path = SettingsView.swift; sourceTree = "<group>"; };
		AF39803C2B70206500923CDD /* SettingsRow.swift */ = {isa = PBXFileReference; fileEncoding = 4; lastKnownFileType = sourcecode.swift; path = SettingsRow.swift; sourceTree = "<group>"; };
		AF39803E2B70206500923CDD /* UserHomeView.swift */ = {isa = PBXFileReference; fileEncoding = 4; lastKnownFileType = sourcecode.swift; path = UserHomeView.swift; sourceTree = "<group>"; };
		AF39803F2B70206500923CDD /* TextIncreasingValue.swift */ = {isa = PBXFileReference; fileEncoding = 4; lastKnownFileType = sourcecode.swift; path = TextIncreasingValue.swift; sourceTree = "<group>"; };
		AF3980452B70212100923CDD /* UserStatsData.swift */ = {isa = PBXFileReference; fileEncoding = 4; lastKnownFileType = sourcecode.swift; path = UserStatsData.swift; sourceTree = "<group>"; };
		AF3980472B70212F00923CDD /* ViewRouter.swift */ = {isa = PBXFileReference; fileEncoding = 4; lastKnownFileType = sourcecode.swift; path = ViewRouter.swift; sourceTree = "<group>"; };
		AF39804A2B7031D300923CDD /* SettingsPageVM.swift */ = {isa = PBXFileReference; lastKnownFileType = sourcecode.swift; path = SettingsPageVM.swift; sourceTree = "<group>"; };
		AF39804E2B71710A00923CDD /* UserProfileView.swift */ = {isa = PBXFileReference; lastKnownFileType = sourcecode.swift; path = UserProfileView.swift; sourceTree = "<group>"; };
		AF3980502B756C0B00923CDD /* UserHomeViewModel.swift */ = {isa = PBXFileReference; lastKnownFileType = sourcecode.swift; path = UserHomeViewModel.swift; sourceTree = "<group>"; };
		AFD545292B5411A60063C820 /* Kids Playtime.app */ = {isa = PBXFileReference; explicitFileType = wrapper.application; includeInIndex = 0; path = "Kids Playtime.app"; sourceTree = BUILT_PRODUCTS_DIR; };
		AFD5452C2B5411A60063C820 /* Kids_PlaytimeApp.swift */ = {isa = PBXFileReference; lastKnownFileType = sourcecode.swift; path = Kids_PlaytimeApp.swift; sourceTree = "<group>"; };
		AFD545302B5411A70063C820 /* Assets.xcassets */ = {isa = PBXFileReference; lastKnownFileType = folder.assetcatalog; path = Assets.xcassets; sourceTree = "<group>"; };
		AFD545332B5411A70063C820 /* Preview Assets.xcassets */ = {isa = PBXFileReference; lastKnownFileType = folder.assetcatalog; path = "Preview Assets.xcassets"; sourceTree = "<group>"; };
		AFD545392B5411A70063C820 /* Kids PlaytimeTests.xctest */ = {isa = PBXFileReference; explicitFileType = wrapper.cfbundle; includeInIndex = 0; path = "Kids PlaytimeTests.xctest"; sourceTree = BUILT_PRODUCTS_DIR; };
		AFD5453D2B5411A70063C820 /* Kids_PlaytimeTests.swift */ = {isa = PBXFileReference; lastKnownFileType = sourcecode.swift; path = Kids_PlaytimeTests.swift; sourceTree = "<group>"; };
		AFD545432B5411A70063C820 /* Kids PlaytimeUITests.xctest */ = {isa = PBXFileReference; explicitFileType = wrapper.cfbundle; includeInIndex = 0; path = "Kids PlaytimeUITests.xctest"; sourceTree = BUILT_PRODUCTS_DIR; };
		AFD545472B5411A70063C820 /* Kids_PlaytimeUITests.swift */ = {isa = PBXFileReference; lastKnownFileType = sourcecode.swift; path = Kids_PlaytimeUITests.swift; sourceTree = "<group>"; };
		AFD545492B5411A70063C820 /* Kids_PlaytimeUITestsLaunchTests.swift */ = {isa = PBXFileReference; lastKnownFileType = sourcecode.swift; path = Kids_PlaytimeUITestsLaunchTests.swift; sourceTree = "<group>"; };
		AFD5455A2B541D350063C820 /* AppColors.swift */ = {isa = PBXFileReference; lastKnownFileType = sourcecode.swift; path = AppColors.swift; sourceTree = "<group>"; };
		AFD5455D2B541DC70063C820 /* Color+Extensions.swift */ = {isa = PBXFileReference; lastKnownFileType = sourcecode.swift; path = "Color+Extensions.swift"; sourceTree = "<group>"; };
		AFD545662B543C9A0063C820 /* Kids-Playtime-Info.plist */ = {isa = PBXFileReference; lastKnownFileType = text.plist; path = "Kids-Playtime-Info.plist"; sourceTree = SOURCE_ROOT; };
		AFD5456B2B543F900063C820 /* Amiko-SemiBold.ttf */ = {isa = PBXFileReference; lastKnownFileType = file; path = "Amiko-SemiBold.ttf"; sourceTree = "<group>"; };
		AFD5456C2B543F900063C820 /* Amiko-Bold.ttf */ = {isa = PBXFileReference; lastKnownFileType = file; path = "Amiko-Bold.ttf"; sourceTree = "<group>"; };
		AFD5456D2B543F900063C820 /* Amiko-Regular.ttf */ = {isa = PBXFileReference; lastKnownFileType = file; path = "Amiko-Regular.ttf"; sourceTree = "<group>"; };
		AFD545732B5440640063C820 /* AppFonts.swift */ = {isa = PBXFileReference; lastKnownFileType = sourcecode.swift; path = AppFonts.swift; sourceTree = "<group>"; };
		AFD5457B2B5455A30063C820 /* HomeView.swift */ = {isa = PBXFileReference; lastKnownFileType = sourcecode.swift; path = HomeView.swift; sourceTree = "<group>"; };
		AFD545882B55577E0063C820 /* CustomTabView.swift */ = {isa = PBXFileReference; lastKnownFileType = sourcecode.swift; path = CustomTabView.swift; sourceTree = "<group>"; };
		AFD5459B2B5864900063C820 /* Bayon-Regular.ttf */ = {isa = PBXFileReference; lastKnownFileType = file; path = "Bayon-Regular.ttf"; sourceTree = "<group>"; };
/* End PBXFileReference section */

/* Begin PBXFrameworksBuildPhase section */
		AFD545262B5411A60063C820 /* Frameworks */ = {
			isa = PBXFrameworksBuildPhase;
			buildActionMask = 2147483647;
			files = (
			);
			runOnlyForDeploymentPostprocessing = 0;
		};
		AFD545362B5411A70063C820 /* Frameworks */ = {
			isa = PBXFrameworksBuildPhase;
			buildActionMask = 2147483647;
			files = (
			);
			runOnlyForDeploymentPostprocessing = 0;
		};
		AFD545402B5411A70063C820 /* Frameworks */ = {
			isa = PBXFrameworksBuildPhase;
			buildActionMask = 2147483647;
			files = (
			);
			runOnlyForDeploymentPostprocessing = 0;
		};
/* End PBXFrameworksBuildPhase section */

/* Begin PBXGroup section */
		AF3980112B70202600923CDD /* WheelFortune */ = {
			isa = PBXGroup;
			children = (
				AF3980122B70202600923CDD /* WheelFortuneViewModel.swift */,
				AF3980132B70202600923CDD /* WheelSpin */,
				AF3980162B70202600923CDD /* WheelFortune.swift */,
			);
			name = WheelFortune;
			path = Discover/WheelFortune;
			sourceTree = "<group>";
		};
		AF3980132B70202600923CDD /* WheelSpin */ = {
			isa = PBXGroup;
			children = (
				AF3980142B70202600923CDD /* WheelSpinView.swift */,
				AF3980152B70202600923CDD /* WheelSpinCell.swift */,
			);
			path = WheelSpin;
			sourceTree = "<group>";
		};
		AF39801B2B70205900923CDD /* Discover */ = {
			isa = PBXGroup;
			children = (
				AF39801C2B70205900923CDD /* AutoScrollerView.swift */,
				AF39801D2B70205900923CDD /* DiscoverView.swift */,
				AF39801E2B70205900923CDD /* GameDialogView.swift */,
				AF39801F2B70205900923CDD /* WheelFortune */,
				AF3980252B70205900923CDD /* HorizontalGameCardView.swift */,
				AF3980262B70205900923CDD /* GameInfo */,
			);
			path = Discover;
			sourceTree = "<group>";
		};
		AF39801F2B70205900923CDD /* WheelFortune */ = {
			isa = PBXGroup;
			children = (
				AF3980202B70205900923CDD /* WheelFortuneViewModel.swift */,
				AF3980212B70205900923CDD /* WheelSpin */,
				AF3980242B70205900923CDD /* WheelFortune.swift */,
			);
			path = WheelFortune;
			sourceTree = "<group>";
		};
		AF3980212B70205900923CDD /* WheelSpin */ = {
			isa = PBXGroup;
			children = (
				AF3980222B70205900923CDD /* WheelSpinView.swift */,
				AF3980232B70205900923CDD /* WheelSpinCell.swift */,
			);
			path = WheelSpin;
			sourceTree = "<group>";
		};
		AF3980262B70205900923CDD /* GameInfo */ = {
			isa = PBXGroup;
			children = (
				AF3980272B70205900923CDD /* GameOpinionView.swift */,
				AF3980282B70205900923CDD /* GameInfoView.swift */,
				AF3980292B70205900923CDD /* GameInfoDialogView.swift */,
				AF39802A2B70205900923CDD /* FeedbackButton.swift */,
				AF39802B2B70205900923CDD /* StarRatingView.swift */,
			);
			path = GameInfo;
			sourceTree = "<group>";
		};
		AF3980392B70206500923CDD /* Settings */ = {
			isa = PBXGroup;
			children = (
				AF39803A2B70206500923CDD /* TermsAndConditionsView.swift */,
				AF39803B2B70206500923CDD /* SettingsView.swift */,
				AF39803C2B70206500923CDD /* SettingsRow.swift */,
			);
			path = Settings;
			sourceTree = "<group>";
		};
		AF39803D2B70206500923CDD /* UserHome */ = {
			isa = PBXGroup;
			children = (
				AF39803E2B70206500923CDD /* UserHomeView.swift */,
				AF39803F2B70206500923CDD /* TextIncreasingValue.swift */,
				AF39804E2B71710A00923CDD /* UserProfileView.swift */,
			);
			path = UserHome;
			sourceTree = "<group>";
		};
		AF3980492B7031C100923CDD /* ViewModel */ = {
			isa = PBXGroup;
			children = (
				AF39804A2B7031D300923CDD /* SettingsPageVM.swift */,
				AF3980502B756C0B00923CDD /* UserHomeViewModel.swift */,
			);
			path = ViewModel;
			sourceTree = "<group>";
		};
		AFD545202B5411A60063C820 = {
			isa = PBXGroup;
			children = (
				AFD5452B2B5411A60063C820 /* Kids Playtime */,
				AFD5453C2B5411A70063C820 /* Kids PlaytimeTests */,
				AFD545462B5411A70063C820 /* Kids PlaytimeUITests */,
				AFD5452A2B5411A60063C820 /* Products */,
				AFD545852B549A0D0063C820 /* Frameworks */,
			);
			sourceTree = "<group>";
		};
		AFD5452A2B5411A60063C820 /* Products */ = {
			isa = PBXGroup;
			children = (
				AFD545292B5411A60063C820 /* Kids Playtime.app */,
				AFD545392B5411A70063C820 /* Kids PlaytimeTests.xctest */,
				AFD545432B5411A70063C820 /* Kids PlaytimeUITests.xctest */,
			);
			name = Products;
			sourceTree = "<group>";
		};
		AFD5452B2B5411A60063C820 /* Kids Playtime */ = {
			isa = PBXGroup;
			children = (
				AF3980492B7031C100923CDD /* ViewModel */,
				AFD545662B543C9A0063C820 /* Kids-Playtime-Info.plist */,
				AFD545592B541D1A0063C820 /* Utils */,
				AFD545572B541D0B0063C820 /* View */,
				AFD545562B541D020063C820 /* Model */,
				AFD5452C2B5411A60063C820 /* Kids_PlaytimeApp.swift */,
				AFD545302B5411A70063C820 /* Assets.xcassets */,
				AFD545322B5411A70063C820 /* Preview Content */,
			);
			path = "Kids Playtime";
			sourceTree = "<group>";
		};
		AFD545322B5411A70063C820 /* Preview Content */ = {
			isa = PBXGroup;
			children = (
				AFD545332B5411A70063C820 /* Preview Assets.xcassets */,
			);
			path = "Preview Content";
			sourceTree = "<group>";
		};
		AFD5453C2B5411A70063C820 /* Kids PlaytimeTests */ = {
			isa = PBXGroup;
			children = (
				AFD5453D2B5411A70063C820 /* Kids_PlaytimeTests.swift */,
			);
			path = "Kids PlaytimeTests";
			sourceTree = "<group>";
		};
		AFD545462B5411A70063C820 /* Kids PlaytimeUITests */ = {
			isa = PBXGroup;
			children = (
				AFD545472B5411A70063C820 /* Kids_PlaytimeUITests.swift */,
				AFD545492B5411A70063C820 /* Kids_PlaytimeUITestsLaunchTests.swift */,
			);
			path = "Kids PlaytimeUITests";
			sourceTree = "<group>";
		};
		AFD545562B541D020063C820 /* Model */ = {
			isa = PBXGroup;
			children = (
				AF3980452B70212100923CDD /* UserStatsData.swift */,
			);
			path = Model;
			sourceTree = "<group>";
		};
		AFD545572B541D0B0063C820 /* View */ = {
			isa = PBXGroup;
			children = (
				AF3980392B70206500923CDD /* Settings */,
				AF39803D2B70206500923CDD /* UserHome */,
				AF39801B2B70205900923CDD /* Discover */,
				AF3980112B70202600923CDD /* WheelFortune */,
				AFD5457B2B5455A30063C820 /* HomeView.swift */,
				AFD545882B55577E0063C820 /* CustomTabView.swift */,
			);
			path = View;
			sourceTree = "<group>";
		};
		AFD545592B541D1A0063C820 /* Utils */ = {
			isa = PBXGroup;
			children = (
				AFD5455F2B543BFB0063C820 /* Fonts */,
				AFD5455C2B541D920063C820 /* Extensions */,
				AFD5455A2B541D350063C820 /* AppColors.swift */,
				AF3980472B70212F00923CDD /* ViewRouter.swift */,
			);
			path = Utils;
			sourceTree = "<group>";
		};
		AFD5455C2B541D920063C820 /* Extensions */ = {
			isa = PBXGroup;
			children = (
				AFD5455D2B541DC70063C820 /* Color+Extensions.swift */,
			);
			path = Extensions;
			sourceTree = "<group>";
		};
		AFD5455F2B543BFB0063C820 /* Fonts */ = {
			isa = PBXGroup;
			children = (
				AFD5459B2B5864900063C820 /* Bayon-Regular.ttf */,
				AFD5456C2B543F900063C820 /* Amiko-Bold.ttf */,
				AFD5456D2B543F900063C820 /* Amiko-Regular.ttf */,
				AFD5456B2B543F900063C820 /* Amiko-SemiBold.ttf */,
				AFD545732B5440640063C820 /* AppFonts.swift */,
			);
			path = Fonts;
			sourceTree = "<group>";
		};
		AFD545852B549A0D0063C820 /* Frameworks */ = {
			isa = PBXGroup;
			children = (
			);
			name = Frameworks;
			sourceTree = "<group>";
		};
/* End PBXGroup section */

/* Begin PBXNativeTarget section */
		AFD545282B5411A60063C820 /* Kids Playtime */ = {
			isa = PBXNativeTarget;
			buildConfigurationList = AFD5454D2B5411A70063C820 /* Build configuration list for PBXNativeTarget "Kids Playtime" */;
			buildPhases = (
				AFD545252B5411A60063C820 /* Sources */,
				AFD545262B5411A60063C820 /* Frameworks */,
				AFD545272B5411A60063C820 /* Resources */,
			);
			buildRules = (
			);
			dependencies = (
			);
			name = "Kids Playtime";
			packageProductDependencies = (
			);
			productName = "Kids Playtime";
			productReference = AFD545292B5411A60063C820 /* Kids Playtime.app */;
			productType = "com.apple.product-type.application";
		};
		AFD545382B5411A70063C820 /* Kids PlaytimeTests */ = {
			isa = PBXNativeTarget;
			buildConfigurationList = AFD545502B5411A70063C820 /* Build configuration list for PBXNativeTarget "Kids PlaytimeTests" */;
			buildPhases = (
				AFD545352B5411A70063C820 /* Sources */,
				AFD545362B5411A70063C820 /* Frameworks */,
				AFD545372B5411A70063C820 /* Resources */,
			);
			buildRules = (
			);
			dependencies = (
				AFD5453B2B5411A70063C820 /* PBXTargetDependency */,
			);
			name = "Kids PlaytimeTests";
			productName = "Kids PlaytimeTests";
			productReference = AFD545392B5411A70063C820 /* Kids PlaytimeTests.xctest */;
			productType = "com.apple.product-type.bundle.unit-test";
		};
		AFD545422B5411A70063C820 /* Kids PlaytimeUITests */ = {
			isa = PBXNativeTarget;
			buildConfigurationList = AFD545532B5411A70063C820 /* Build configuration list for PBXNativeTarget "Kids PlaytimeUITests" */;
			buildPhases = (
				AFD5453F2B5411A70063C820 /* Sources */,
				AFD545402B5411A70063C820 /* Frameworks */,
				AFD545412B5411A70063C820 /* Resources */,
			);
			buildRules = (
			);
			dependencies = (
				AFD545452B5411A70063C820 /* PBXTargetDependency */,
			);
			name = "Kids PlaytimeUITests";
			productName = "Kids PlaytimeUITests";
			productReference = AFD545432B5411A70063C820 /* Kids PlaytimeUITests.xctest */;
			productType = "com.apple.product-type.bundle.ui-testing";
		};
/* End PBXNativeTarget section */

/* Begin PBXProject section */
		AFD545212B5411A60063C820 /* Project object */ = {
			isa = PBXProject;
			attributes = {
				BuildIndependentTargetsInParallel = 1;
				LastSwiftUpdateCheck = 1500;
				LastUpgradeCheck = 1500;
				TargetAttributes = {
					AFD545282B5411A60063C820 = {
						CreatedOnToolsVersion = 15.0.1;
					};
					AFD545382B5411A70063C820 = {
						CreatedOnToolsVersion = 15.0.1;
						TestTargetID = AFD545282B5411A60063C820;
					};
					AFD545422B5411A70063C820 = {
						CreatedOnToolsVersion = 15.0.1;
						TestTargetID = AFD545282B5411A60063C820;
					};
				};
			};
			buildConfigurationList = AFD545242B5411A60063C820 /* Build configuration list for PBXProject "Kids Playtime" */;
			compatibilityVersion = "Xcode 14.0";
			developmentRegion = en;
			hasScannedForEncodings = 0;
			knownRegions = (
				en,
				Base,
			);
			mainGroup = AFD545202B5411A60063C820;
			packageReferences = (
				AFD5457F2B5464AB0063C820 /* XCRemoteSwiftPackageReference "FortuneWheel" */,
				AFD545822B5468470063C820 /* XCRemoteSwiftPackageReference "SwiftFortuneWheel" */,
			);
			productRefGroup = AFD5452A2B5411A60063C820 /* Products */;
			projectDirPath = "";
			projectRoot = "";
			targets = (
				AFD545282B5411A60063C820 /* Kids Playtime */,
				AFD545382B5411A70063C820 /* Kids PlaytimeTests */,
				AFD545422B5411A70063C820 /* Kids PlaytimeUITests */,
			);
		};
/* End PBXProject section */

/* Begin PBXResourcesBuildPhase section */
		AFD545272B5411A60063C820 /* Resources */ = {
			isa = PBXResourcesBuildPhase;
			buildActionMask = 2147483647;
			files = (
				AFD545702B543F900063C820 /* Amiko-Regular.ttf in Resources */,
				AFD5456E2B543F900063C820 /* Amiko-SemiBold.ttf in Resources */,
				AFD5456F2B543F900063C820 /* Amiko-Bold.ttf in Resources */,
				AFD545342B5411A70063C820 /* Preview Assets.xcassets in Resources */,
				AFD545312B5411A70063C820 /* Assets.xcassets in Resources */,
				AFD5459C2B5865790063C820 /* Bayon-Regular.ttf in Resources */,
			);
			runOnlyForDeploymentPostprocessing = 0;
		};
		AFD545372B5411A70063C820 /* Resources */ = {
			isa = PBXResourcesBuildPhase;
			buildActionMask = 2147483647;
			files = (
			);
			runOnlyForDeploymentPostprocessing = 0;
		};
		AFD545412B5411A70063C820 /* Resources */ = {
			isa = PBXResourcesBuildPhase;
			buildActionMask = 2147483647;
			files = (
			);
			runOnlyForDeploymentPostprocessing = 0;
		};
/* End PBXResourcesBuildPhase section */

/* Begin PBXSourcesBuildPhase section */
		AFD545252B5411A60063C820 /* Sources */ = {
			isa = PBXSourcesBuildPhase;
			buildActionMask = 2147483647;
			files = (
				AF3980512B756C0B00923CDD /* UserHomeViewModel.swift in Sources */,
				AF39802E2B70205900923CDD /* GameDialogView.swift in Sources */,
				AF39801A2B70202600923CDD /* WheelFortune.swift in Sources */,
				AF3980402B70206500923CDD /* TermsAndConditionsView.swift in Sources */,
				AF3980352B70205900923CDD /* GameInfoView.swift in Sources */,
				AFD545742B5440640063C820 /* AppFonts.swift in Sources */,
				AFD5455B2B541D350063C820 /* AppColors.swift in Sources */,
				AF3980462B70212100923CDD /* UserStatsData.swift in Sources */,
				AF3980322B70205900923CDD /* WheelFortune.swift in Sources */,
				AF39804B2B7031D300923CDD /* SettingsPageVM.swift in Sources */,
				AF3980182B70202600923CDD /* WheelSpinView.swift in Sources */,
				AF3980332B70205900923CDD /* HorizontalGameCardView.swift in Sources */,
				AF3980442B70206500923CDD /* TextIncreasingValue.swift in Sources */,
				AF3980372B70205900923CDD /* FeedbackButton.swift in Sources */,
				AFD5457C2B5455A30063C820 /* HomeView.swift in Sources */,
				AF3980302B70205900923CDD /* WheelSpinView.swift in Sources */,
				AF3980342B70205900923CDD /* GameOpinionView.swift in Sources */,
				AF3980482B70212F00923CDD /* ViewRouter.swift in Sources */,
				AF3980422B70206500923CDD /* SettingsRow.swift in Sources */,
				AFD545892B55577E0063C820 /* CustomTabView.swift in Sources */,
				AF3980172B70202600923CDD /* WheelFortuneViewModel.swift in Sources */,
				AF3980412B70206500923CDD /* SettingsView.swift in Sources */,
				AF39802F2B70205900923CDD /* WheelFortuneViewModel.swift in Sources */,
				AF3980192B70202600923CDD /* WheelSpinCell.swift in Sources */,
				AF3980432B70206500923CDD /* UserHomeView.swift in Sources */,
				AFD5452D2B5411A60063C820 /* Kids_PlaytimeApp.swift in Sources */,
				AFD5455E2B541DC70063C820 /* Color+Extensions.swift in Sources */,
				AF3980312B70205900923CDD /* WheelSpinCell.swift in Sources */,
				AF39804F2B71710A00923CDD /* UserProfileView.swift in Sources */,
				AF39802C2B70205900923CDD /* AutoScrollerView.swift in Sources */,
				AF39802D2B70205900923CDD /* DiscoverView.swift in Sources */,
				AF3980382B70205900923CDD /* StarRatingView.swift in Sources */,
				AF3980362B70205900923CDD /* GameInfoDialogView.swift in Sources */,
			);
			runOnlyForDeploymentPostprocessing = 0;
		};
		AFD545352B5411A70063C820 /* Sources */ = {
			isa = PBXSourcesBuildPhase;
			buildActionMask = 2147483647;
			files = (
				AFD5453E2B5411A70063C820 /* Kids_PlaytimeTests.swift in Sources */,
			);
			runOnlyForDeploymentPostprocessing = 0;
		};
		AFD5453F2B5411A70063C820 /* Sources */ = {
			isa = PBXSourcesBuildPhase;
			buildActionMask = 2147483647;
			files = (
				AFD5454A2B5411A70063C820 /* Kids_PlaytimeUITestsLaunchTests.swift in Sources */,
				AFD545482B5411A70063C820 /* Kids_PlaytimeUITests.swift in Sources */,
			);
			runOnlyForDeploymentPostprocessing = 0;
		};
/* End PBXSourcesBuildPhase section */

/* Begin PBXTargetDependency section */
		AFD5453B2B5411A70063C820 /* PBXTargetDependency */ = {
			isa = PBXTargetDependency;
			target = AFD545282B5411A60063C820 /* Kids Playtime */;
			targetProxy = AFD5453A2B5411A70063C820 /* PBXContainerItemProxy */;
		};
		AFD545452B5411A70063C820 /* PBXTargetDependency */ = {
			isa = PBXTargetDependency;
			target = AFD545282B5411A60063C820 /* Kids Playtime */;
			targetProxy = AFD545442B5411A70063C820 /* PBXContainerItemProxy */;
		};
/* End PBXTargetDependency section */

/* Begin XCBuildConfiguration section */
		AFD5454B2B5411A70063C820 /* Debug */ = {
			isa = XCBuildConfiguration;
			buildSettings = {
				ALWAYS_SEARCH_USER_PATHS = NO;
				ASSETCATALOG_COMPILER_GENERATE_SWIFT_ASSET_SYMBOL_EXTENSIONS = YES;
				CLANG_ANALYZER_NONNULL = YES;
				CLANG_ANALYZER_NUMBER_OBJECT_CONVERSION = YES_AGGRESSIVE;
				CLANG_CXX_LANGUAGE_STANDARD = "gnu++20";
				CLANG_ENABLE_MODULES = YES;
				CLANG_ENABLE_OBJC_ARC = YES;
				CLANG_ENABLE_OBJC_WEAK = YES;
				CLANG_WARN_BLOCK_CAPTURE_AUTORELEASING = YES;
				CLANG_WARN_BOOL_CONVERSION = YES;
				CLANG_WARN_COMMA = YES;
				CLANG_WARN_CONSTANT_CONVERSION = YES;
				CLANG_WARN_DEPRECATED_OBJC_IMPLEMENTATIONS = YES;
				CLANG_WARN_DIRECT_OBJC_ISA_USAGE = YES_ERROR;
				CLANG_WARN_DOCUMENTATION_COMMENTS = YES;
				CLANG_WARN_EMPTY_BODY = YES;
				CLANG_WARN_ENUM_CONVERSION = YES;
				CLANG_WARN_INFINITE_RECURSION = YES;
				CLANG_WARN_INT_CONVERSION = YES;
				CLANG_WARN_NON_LITERAL_NULL_CONVERSION = YES;
				CLANG_WARN_OBJC_IMPLICIT_RETAIN_SELF = YES;
				CLANG_WARN_OBJC_LITERAL_CONVERSION = YES;
				CLANG_WARN_OBJC_ROOT_CLASS = YES_ERROR;
				CLANG_WARN_QUOTED_INCLUDE_IN_FRAMEWORK_HEADER = YES;
				CLANG_WARN_RANGE_LOOP_ANALYSIS = YES;
				CLANG_WARN_STRICT_PROTOTYPES = YES;
				CLANG_WARN_SUSPICIOUS_MOVE = YES;
				CLANG_WARN_UNGUARDED_AVAILABILITY = YES_AGGRESSIVE;
				CLANG_WARN_UNREACHABLE_CODE = YES;
				CLANG_WARN__DUPLICATE_METHOD_MATCH = YES;
				COPY_PHASE_STRIP = NO;
				DEBUG_INFORMATION_FORMAT = dwarf;
				ENABLE_STRICT_OBJC_MSGSEND = YES;
				ENABLE_TESTABILITY = YES;
				ENABLE_USER_SCRIPT_SANDBOXING = YES;
				GCC_C_LANGUAGE_STANDARD = gnu17;
				GCC_DYNAMIC_NO_PIC = NO;
				GCC_NO_COMMON_BLOCKS = YES;
				GCC_OPTIMIZATION_LEVEL = 0;
				GCC_PREPROCESSOR_DEFINITIONS = (
					"DEBUG=1",
					"$(inherited)",
				);
				GCC_WARN_64_TO_32_BIT_CONVERSION = YES;
				GCC_WARN_ABOUT_RETURN_TYPE = YES_ERROR;
				GCC_WARN_UNDECLARED_SELECTOR = YES;
				GCC_WARN_UNINITIALIZED_AUTOS = YES_AGGRESSIVE;
				GCC_WARN_UNUSED_FUNCTION = YES;
				GCC_WARN_UNUSED_VARIABLE = YES;
				IPHONEOS_DEPLOYMENT_TARGET = 17.0;
				LOCALIZATION_PREFERS_STRING_CATALOGS = YES;
				MTL_ENABLE_DEBUG_INFO = INCLUDE_SOURCE;
				MTL_FAST_MATH = YES;
				ONLY_ACTIVE_ARCH = YES;
				SDKROOT = iphoneos;
				SWIFT_ACTIVE_COMPILATION_CONDITIONS = "DEBUG $(inherited)";
				SWIFT_OPTIMIZATION_LEVEL = "-Onone";
			};
			name = Debug;
		};
		AFD5454C2B5411A70063C820 /* Release */ = {
			isa = XCBuildConfiguration;
			buildSettings = {
				ALWAYS_SEARCH_USER_PATHS = NO;
				ASSETCATALOG_COMPILER_GENERATE_SWIFT_ASSET_SYMBOL_EXTENSIONS = YES;
				CLANG_ANALYZER_NONNULL = YES;
				CLANG_ANALYZER_NUMBER_OBJECT_CONVERSION = YES_AGGRESSIVE;
				CLANG_CXX_LANGUAGE_STANDARD = "gnu++20";
				CLANG_ENABLE_MODULES = YES;
				CLANG_ENABLE_OBJC_ARC = YES;
				CLANG_ENABLE_OBJC_WEAK = YES;
				CLANG_WARN_BLOCK_CAPTURE_AUTORELEASING = YES;
				CLANG_WARN_BOOL_CONVERSION = YES;
				CLANG_WARN_COMMA = YES;
				CLANG_WARN_CONSTANT_CONVERSION = YES;
				CLANG_WARN_DEPRECATED_OBJC_IMPLEMENTATIONS = YES;
				CLANG_WARN_DIRECT_OBJC_ISA_USAGE = YES_ERROR;
				CLANG_WARN_DOCUMENTATION_COMMENTS = YES;
				CLANG_WARN_EMPTY_BODY = YES;
				CLANG_WARN_ENUM_CONVERSION = YES;
				CLANG_WARN_INFINITE_RECURSION = YES;
				CLANG_WARN_INT_CONVERSION = YES;
				CLANG_WARN_NON_LITERAL_NULL_CONVERSION = YES;
				CLANG_WARN_OBJC_IMPLICIT_RETAIN_SELF = YES;
				CLANG_WARN_OBJC_LITERAL_CONVERSION = YES;
				CLANG_WARN_OBJC_ROOT_CLASS = YES_ERROR;
				CLANG_WARN_QUOTED_INCLUDE_IN_FRAMEWORK_HEADER = YES;
				CLANG_WARN_RANGE_LOOP_ANALYSIS = YES;
				CLANG_WARN_STRICT_PROTOTYPES = YES;
				CLANG_WARN_SUSPICIOUS_MOVE = YES;
				CLANG_WARN_UNGUARDED_AVAILABILITY = YES_AGGRESSIVE;
				CLANG_WARN_UNREACHABLE_CODE = YES;
				CLANG_WARN__DUPLICATE_METHOD_MATCH = YES;
				COPY_PHASE_STRIP = NO;
				DEBUG_INFORMATION_FORMAT = "dwarf-with-dsym";
				ENABLE_NS_ASSERTIONS = NO;
				ENABLE_STRICT_OBJC_MSGSEND = YES;
				ENABLE_USER_SCRIPT_SANDBOXING = YES;
				GCC_C_LANGUAGE_STANDARD = gnu17;
				GCC_NO_COMMON_BLOCKS = YES;
				GCC_WARN_64_TO_32_BIT_CONVERSION = YES;
				GCC_WARN_ABOUT_RETURN_TYPE = YES_ERROR;
				GCC_WARN_UNDECLARED_SELECTOR = YES;
				GCC_WARN_UNINITIALIZED_AUTOS = YES_AGGRESSIVE;
				GCC_WARN_UNUSED_FUNCTION = YES;
				GCC_WARN_UNUSED_VARIABLE = YES;
				IPHONEOS_DEPLOYMENT_TARGET = 17.0;
				LOCALIZATION_PREFERS_STRING_CATALOGS = YES;
				MTL_ENABLE_DEBUG_INFO = NO;
				MTL_FAST_MATH = YES;
				SDKROOT = iphoneos;
				SWIFT_COMPILATION_MODE = wholemodule;
				VALIDATE_PRODUCT = YES;
			};
			name = Release;
		};
		AFD5454E2B5411A70063C820 /* Debug */ = {
			isa = XCBuildConfiguration;
			buildSettings = {
				ASSETCATALOG_COMPILER_APPICON_NAME = AppIcon;
				ASSETCATALOG_COMPILER_GLOBAL_ACCENT_COLOR_NAME = AccentColor;
				CODE_SIGN_STYLE = Automatic;
				CURRENT_PROJECT_VERSION = 1;
				DEVELOPMENT_ASSET_PATHS = "\"Kids Playtime/Preview Content\"";
				DEVELOPMENT_TEAM = UNB5M72KA3;
				ENABLE_PREVIEWS = YES;
				GENERATE_INFOPLIST_FILE = YES;
				INFOPLIST_FILE = "Kids-Playtime-Info.plist";
				INFOPLIST_KEY_UIApplicationSceneManifest_Generation = YES;
				INFOPLIST_KEY_UIApplicationSupportsIndirectInputEvents = YES;
				INFOPLIST_KEY_UILaunchScreen_Generation = YES;
				INFOPLIST_KEY_UISupportedInterfaceOrientations = UIInterfaceOrientationPortrait;
				IPHONEOS_DEPLOYMENT_TARGET = 16.0;
				LD_RUNPATH_SEARCH_PATHS = (
					"$(inherited)",
					"@executable_path/Frameworks",
				);
				MARKETING_VERSION = 1.0;
				PRODUCT_BUNDLE_IDENTIFIER = "com.krystiankonieczko.Kids-Playtime";
				PRODUCT_NAME = "$(TARGET_NAME)";
				SWIFT_EMIT_LOC_STRINGS = YES;
				SWIFT_VERSION = 5.0;
				TARGETED_DEVICE_FAMILY = "1,2";
			};
			name = Debug;
		};
		AFD5454F2B5411A70063C820 /* Release */ = {
			isa = XCBuildConfiguration;
			buildSettings = {
				ASSETCATALOG_COMPILER_APPICON_NAME = AppIcon;
				ASSETCATALOG_COMPILER_GLOBAL_ACCENT_COLOR_NAME = AccentColor;
				CODE_SIGN_STYLE = Automatic;
				CURRENT_PROJECT_VERSION = 1;
				DEVELOPMENT_ASSET_PATHS = "\"Kids Playtime/Preview Content\"";
				DEVELOPMENT_TEAM = UNB5M72KA3;
				ENABLE_PREVIEWS = YES;
				GENERATE_INFOPLIST_FILE = YES;
				INFOPLIST_FILE = "Kids-Playtime-Info.plist";
				INFOPLIST_KEY_UIApplicationSceneManifest_Generation = YES;
				INFOPLIST_KEY_UIApplicationSupportsIndirectInputEvents = YES;
				INFOPLIST_KEY_UILaunchScreen_Generation = YES;
				INFOPLIST_KEY_UISupportedInterfaceOrientations = UIInterfaceOrientationPortrait;
				IPHONEOS_DEPLOYMENT_TARGET = 16.0;
				LD_RUNPATH_SEARCH_PATHS = (
					"$(inherited)",
					"@executable_path/Frameworks",
				);
				MARKETING_VERSION = 1.0;
				PRODUCT_BUNDLE_IDENTIFIER = "com.krystiankonieczko.Kids-Playtime";
				PRODUCT_NAME = "$(TARGET_NAME)";
				SWIFT_EMIT_LOC_STRINGS = YES;
				SWIFT_VERSION = 5.0;
				TARGETED_DEVICE_FAMILY = "1,2";
			};
			name = Release;
		};
		AFD545512B5411A70063C820 /* Debug */ = {
			isa = XCBuildConfiguration;
			buildSettings = {
				ALWAYS_EMBED_SWIFT_STANDARD_LIBRARIES = YES;
				BUNDLE_LOADER = "$(TEST_HOST)";
				CODE_SIGN_STYLE = Automatic;
				CURRENT_PROJECT_VERSION = 1;
				DEVELOPMENT_TEAM = UNB5M72KA3;
				GENERATE_INFOPLIST_FILE = YES;
				IPHONEOS_DEPLOYMENT_TARGET = 17.0;
				MARKETING_VERSION = 1.0;
				PRODUCT_BUNDLE_IDENTIFIER = "com.krystiankonieczko.Kids-PlaytimeTests";
				PRODUCT_NAME = "$(TARGET_NAME)";
				SWIFT_EMIT_LOC_STRINGS = NO;
				SWIFT_VERSION = 5.0;
				TARGETED_DEVICE_FAMILY = "1,2";
				TEST_HOST = "$(BUILT_PRODUCTS_DIR)/Kids Playtime.app/$(BUNDLE_EXECUTABLE_FOLDER_PATH)/Kids Playtime";
			};
			name = Debug;
		};
		AFD545522B5411A70063C820 /* Release */ = {
			isa = XCBuildConfiguration;
			buildSettings = {
				ALWAYS_EMBED_SWIFT_STANDARD_LIBRARIES = YES;
				BUNDLE_LOADER = "$(TEST_HOST)";
				CODE_SIGN_STYLE = Automatic;
				CURRENT_PROJECT_VERSION = 1;
				DEVELOPMENT_TEAM = UNB5M72KA3;
				GENERATE_INFOPLIST_FILE = YES;
				IPHONEOS_DEPLOYMENT_TARGET = 17.0;
				MARKETING_VERSION = 1.0;
				PRODUCT_BUNDLE_IDENTIFIER = "com.krystiankonieczko.Kids-PlaytimeTests";
				PRODUCT_NAME = "$(TARGET_NAME)";
				SWIFT_EMIT_LOC_STRINGS = NO;
				SWIFT_VERSION = 5.0;
				TARGETED_DEVICE_FAMILY = "1,2";
				TEST_HOST = "$(BUILT_PRODUCTS_DIR)/Kids Playtime.app/$(BUNDLE_EXECUTABLE_FOLDER_PATH)/Kids Playtime";
			};
			name = Release;
		};
		AFD545542B5411A70063C820 /* Debug */ = {
			isa = XCBuildConfiguration;
			buildSettings = {
				ALWAYS_EMBED_SWIFT_STANDARD_LIBRARIES = YES;
				CODE_SIGN_STYLE = Automatic;
				CURRENT_PROJECT_VERSION = 1;
				DEVELOPMENT_TEAM = UNB5M72KA3;
				GENERATE_INFOPLIST_FILE = YES;
				MARKETING_VERSION = 1.0;
				PRODUCT_BUNDLE_IDENTIFIER = "com.krystiankonieczko.Kids-PlaytimeUITests";
				PRODUCT_NAME = "$(TARGET_NAME)";
				SWIFT_EMIT_LOC_STRINGS = NO;
				SWIFT_VERSION = 5.0;
				TARGETED_DEVICE_FAMILY = "1,2";
				TEST_TARGET_NAME = "Kids Playtime";
			};
			name = Debug;
		};
		AFD545552B5411A70063C820 /* Release */ = {
			isa = XCBuildConfiguration;
			buildSettings = {
				ALWAYS_EMBED_SWIFT_STANDARD_LIBRARIES = YES;
				CODE_SIGN_STYLE = Automatic;
				CURRENT_PROJECT_VERSION = 1;
				DEVELOPMENT_TEAM = UNB5M72KA3;
				GENERATE_INFOPLIST_FILE = YES;
				MARKETING_VERSION = 1.0;
				PRODUCT_BUNDLE_IDENTIFIER = "com.krystiankonieczko.Kids-PlaytimeUITests";
				PRODUCT_NAME = "$(TARGET_NAME)";
				SWIFT_EMIT_LOC_STRINGS = NO;
				SWIFT_VERSION = 5.0;
				TARGETED_DEVICE_FAMILY = "1,2";
				TEST_TARGET_NAME = "Kids Playtime";
			};
			name = Release;
		};
/* End XCBuildConfiguration section */

/* Begin XCConfigurationList section */
		AFD545242B5411A60063C820 /* Build configuration list for PBXProject "Kids Playtime" */ = {
			isa = XCConfigurationList;
			buildConfigurations = (
				AFD5454B2B5411A70063C820 /* Debug */,
				AFD5454C2B5411A70063C820 /* Release */,
			);
			defaultConfigurationIsVisible = 0;
			defaultConfigurationName = Release;
		};
		AFD5454D2B5411A70063C820 /* Build configuration list for PBXNativeTarget "Kids Playtime" */ = {
			isa = XCConfigurationList;
			buildConfigurations = (
				AFD5454E2B5411A70063C820 /* Debug */,
				AFD5454F2B5411A70063C820 /* Release */,
			);
			defaultConfigurationIsVisible = 0;
			defaultConfigurationName = Release;
		};
		AFD545502B5411A70063C820 /* Build configuration list for PBXNativeTarget "Kids PlaytimeTests" */ = {
			isa = XCConfigurationList;
			buildConfigurations = (
				AFD545512B5411A70063C820 /* Debug */,
				AFD545522B5411A70063C820 /* Release */,
			);
			defaultConfigurationIsVisible = 0;
			defaultConfigurationName = Release;
		};
		AFD545532B5411A70063C820 /* Build configuration list for PBXNativeTarget "Kids PlaytimeUITests" */ = {
			isa = XCConfigurationList;
			buildConfigurations = (
				AFD545542B5411A70063C820 /* Debug */,
				AFD545552B5411A70063C820 /* Release */,
			);
			defaultConfigurationIsVisible = 0;
			defaultConfigurationName = Release;
		};
/* End XCConfigurationList section */

/* Begin XCRemoteSwiftPackageReference section */
		AFD5457F2B5464AB0063C820 /* XCRemoteSwiftPackageReference "FortuneWheel" */ = {
			isa = XCRemoteSwiftPackageReference;
			repositoryURL = "https://github.com/sameersyd/FortuneWheel.git";
			requirement = {
				kind = upToNextMajorVersion;
				minimumVersion = 0.1.5;
			};
		};
		AFD545822B5468470063C820 /* XCRemoteSwiftPackageReference "SwiftFortuneWheel" */ = {
			isa = XCRemoteSwiftPackageReference;
			repositoryURL = "https://github.com/sh-khashimov/SwiftFortuneWheel";
			requirement = {
				kind = upToNextMajorVersion;
				minimumVersion = 1.4.4;
			};
		};
/* End XCRemoteSwiftPackageReference section */
	};
	rootObject = AFD545212B5411A60063C820 /* Project object */;
}
